
Microsoft Visual Studio Solution File, Format Version 12.00
# Visual Studio Version 17
VisualStudioVersion = 17.2.32516.85
MinimumVisualStudioVersion = 10.0.40219.1
Project("{FAE04EC0-301F-11D3-BF4B-00C04F79EFBC}") = "textbasedAdventure", "textbasedAdventure\textbasedAdventure.csproj", "{FAADBDDA-C6DC-4D56-B1A1-07F2B10A3F00}"
EndProject
Global
	GlobalSection(SolutionConfigurationPlatforms) = preSolution
		Debug|Any CPU = Debug|Any CPU
		Release|Any CPU = Release|Any CPU
	EndGlobalSection
	GlobalSection(ProjectConfigurationPlatforms) = postSolution
		{FAADBDDA-C6DC-4D56-B1A1-07F2B10A3F00}.Debug|Any CPU.ActiveCfg = Debug|Any CPU
		{FAADBDDA-C6DC-4D56-B1A1-07F2B10A3F00}.Debug|Any CPU.Build.0 = Debug|Any CPU
		{FAADBDDA-C6DC-4D56-B1A1-07F2B10A3F00}.Release|Any CPU.ActiveCfg = Release|Any CPU
		{FAADBDDA-C6DC-4D56-B1A1-07F2B10A3F00}.Release|Any CPU.Build.0 = Release|Any CPU
	EndGlobalSection
	GlobalSection(SolutionProperties) = preSolution
		HideSolutionNode = FALSE
	EndGlobalSection
	GlobalSection(ExtensibilityGlobals) = postSolution
		SolutionGuid = {D69B8A78-B156-4654-9070-9DD6E17C7B8B}
	EndGlobalSection
EndGlobal
